// !$*UTF8*$!
{
	archiveVersion = 1;
	classes = {
	};
	objectVersion = 46;
	objects = {

/* Begin PBXBuildFile section */
		AC8808131E57BDC50062141A /* main.m in Sources */ = {isa = PBXBuildFile; fileRef = AC8808121E57BDC50062141A /* main.m */; };
		AC8808161E57BDC50062141A /* AppDelegate.m in Sources */ = {isa = PBXBuildFile; fileRef = AC8808151E57BDC50062141A /* AppDelegate.m */; };
		AC8808191E57BDC50062141A /* ViewController.m in Sources */ = {isa = PBXBuildFile; fileRef = AC8808181E57BDC50062141A /* ViewController.m */; };
		AC88081C1E57BDC50062141A /* Main.storyboard in Resources */ = {isa = PBXBuildFile; fileRef = AC88081A1E57BDC50062141A /* Main.storyboard */; };
		AC88081E1E57BDC50062141A /* Assets.xcassets in Resources */ = {isa = PBXBuildFile; fileRef = AC88081D1E57BDC50062141A /* Assets.xcassets */; };
		AC8808211E57BDC50062141A /* LaunchScreen.storyboard in Resources */ = {isa = PBXBuildFile; fileRef = AC88081F1E57BDC50062141A /* LaunchScreen.storyboard */; };
		AC8808291E57CBFF0062141A /* foto3x4.png in Resources */ = {isa = PBXBuildFile; fileRef = AC8808281E57CBFF0062141A /* foto3x4.png */; };
/* End PBXBuildFile section */

/* Begin PBXFileReference section */
		AC88080E1E57BDC50062141A /* MeusDados 2TDSR.app */ = {isa = PBXFileReference; explicitFileType = wrapper.application; includeInIndex = 0; path = "MeusDados 2TDSR.app"; sourceTree = BUILT_PRODUCTS_DIR; };
		AC8808121E57BDC50062141A /* main.m */ = {isa = PBXFileReference; lastKnownFileType = sourcecode.c.objc; path = main.m; sourceTree = "<group>"; };
		AC8808141E57BDC50062141A /* AppDelegate.h */ = {isa = PBXFileReference; lastKnownFileType = sourcecode.c.h; path = AppDelegate.h; sourceTree = "<group>"; };
		AC8808151E57BDC50062141A /* AppDelegate.m */ = {isa = PBXFileReference; lastKnownFileType = sourcecode.c.objc; path = AppDelegate.m; sourceTree = "<group>"; };
		AC8808171E57BDC50062141A /* ViewController.h */ = {isa = PBXFileReference; lastKnownFileType = sourcecode.c.h; path = ViewController.h; sourceTree = "<group>"; };
		AC8808181E57BDC50062141A /* ViewController.m */ = {isa = PBXFileReference; lastKnownFileType = sourcecode.c.objc; path = ViewController.m; sourceTree = "<group>"; };
		AC88081B1E57BDC50062141A /* Base */ = {isa = PBXFileReference; lastKnownFileType = file.storyboard; name = Base; path = Base.lproj/Main.storyboard; sourceTree = "<group>"; };
		AC88081D1E57BDC50062141A /* Assets.xcassets */ = {isa = PBXFileReference; lastKnownFileType = folder.assetcatalog; path = Assets.xcassets; sourceTree = "<group>"; };
		AC8808201E57BDC50062141A /* Base */ = {isa = PBXFileReference; lastKnownFileType = file.storyboard; name = Base; path = Base.lproj/LaunchScreen.storyboard; sourceTree = "<group>"; };
		AC8808221E57BDC50062141A /* Info.plist */ = {isa = PBXFileReference; lastKnownFileType = text.plist.xml; path = Info.plist; sourceTree = "<group>"; };
		AC8808281E57CBFF0062141A /* foto3x4.png */ = {isa = PBXFileReference; lastKnownFileType = image.png; path = foto3x4.png; sourceTree = "<group>"; };
/* End PBXFileReference section */

/* Begin PBXFrameworksBuildPhase section */
		AC88080B1E57BDC40062141A /* Frameworks */ = {
			isa = PBXFrameworksBuildPhase;
			buildActionMask = 2147483647;
			files = (
			);
			runOnlyForDeploymentPostprocessing = 0;
		};
/* End PBXFrameworksBuildPhase section */

/* Begin PBXGroup section */
		AC8808051E57BDC40062141A = {
			isa = PBXGroup;
			children = (
				AC8808101E57BDC50062141A /* MeusDados 2TDSR */,
				AC88080F1E57BDC50062141A /* Products */,
			);
			sourceTree = "<group>";
		};
		AC88080F1E57BDC50062141A /* Products */ = {
			isa = PBXGroup;
			children = (
				AC88080E1E57BDC50062141A /* MeusDados 2TDSR.app */,
			);
			name = Products;
			sourceTree = "<group>";
		};
		AC8808101E57BDC50062141A /* MeusDados 2TDSR */ = {
			isa = PBXGroup;
			children = (
				AC8808141E57BDC50062141A /* AppDelegate.h */,
				AC8808151E57BDC50062141A /* AppDelegate.m */,
				AC8808171E57BDC50062141A /* ViewController.h */,
				AC8808181E57BDC50062141A /* ViewController.m */,
				AC88081A1E57BDC50062141A /* Main.storyboard */,
				AC88081D1E57BDC50062141A /* Assets.xcassets */,
				AC88081F1E57BDC50062141A /* LaunchScreen.storyboard */,
				AC8808281E57CBFF0062141A /* foto3x4.png */,
				AC8808221E57BDC50062141A /* Info.plist */,
				AC8808111E57BDC50062141A /* Supporting Files */,
			);
			path = "MeusDados 2TDSR";
			sourceTree = "<group>";
		};
		AC8808111E57BDC50062141A /* Supporting Files */ = {
			isa = PBXGroup;
			children = (
				AC8808121E57BDC50062141A /* main.m */,
			);
			name = "Supporting Files";
			sourceTree = "<group>";
		};
/* End PBXGroup section */

/* Begin PBXNativeTarget section */
		AC88080D1E57BDC40062141A /* MeusDados 2TDSR */ = {
			isa = PBXNativeTarget;
			buildConfigurationList = AC8808251E57BDC50062141A /* Build configuration list for PBXNativeTarget "MeusDados 2TDSR" */;
			buildPhases = (
				AC88080A1E57BDC40062141A /* Sources */,
				AC88080B1E57BDC40062141A /* Frameworks */,
				AC88080C1E57BDC40062141A /* Resources */,
			);
			buildRules = (
			);
			dependencies = (
			);
			name = "MeusDados 2TDSR";
			productName = "MeusDados 2TDSR";
			productReference = AC88080E1E57BDC50062141A /* MeusDados 2TDSR.app */;
			productType = "com.apple.product-type.application";
		};
/* End PBXNativeTarget section */

/* Begin PBXProject section */
		AC8808061E57BDC40062141A /* Project object */ = {
			isa = PBXProject;
			attributes = {
				LastUpgradeCheck = 0810;
				ORGANIZATIONNAME = "Victor Viel";
				TargetAttributes = {
					AC88080D1E57BDC40062141A = {
						CreatedOnToolsVersion = 8.1;
						ProvisioningStyle = Automatic;
					};
				};
			};
			buildConfigurationList = AC8808091E57BDC40062141A /* Build configuration list for PBXProject "MeusDados 2TDSR" */;
			compatibilityVersion = "Xcode 3.2";
			developmentRegion = English;
			hasScannedForEncodings = 0;
			knownRegions = (
				en,
				Base,
			);
			mainGroup = AC8808051E57BDC40062141A;
			productRefGroup = AC88080F1E57BDC50062141A /* Products */;
			projectDirPath = "";
			projectRoot = "";
			targets = (
				AC88080D1E57BDC40062141A /* MeusDados 2TDSR */,
			);
		};
/* End PBXProject section */

/* Begin PBXResourcesBuildPhase section */
		AC88080C1E57BDC40062141A /* Resources */ = {
			isa = PBXResourcesBuildPhase;
			buildActionMask = 2147483647;
			files = (
				AC8808211E57BDC50062141A /* LaunchScreen.storyboard in Resources */,
				AC8808291E57CBFF0062141A /* foto3x4.png in Resources */,
				AC88081E1E57BDC50062141A /* Assets.xcassets in Resources */,
				AC88081C1E57BDC50062141A /* Main.storyboard in Resources */,
			);
			runOnlyForDeploymentPostprocessing = 0;
		};
/* End PBXResourcesBuildPhase section */

/* Begin PBXSourcesBuildPhase section */
		AC88080A1E57BDC40062141A /* Sources */ = {
			isa = PBXSourcesBuildPhase;
			buildActionMask = 2147483647;
			files = (
				AC8808191E57BDC50062141A /* ViewController.m in Sources */,
				AC8808161E57BDC50062141A /* AppDelegate.m in Sources */,
				AC8808131E57BDC50062141A /* main.m in Sources */,
			);
			runOnlyForDeploymentPostprocessing = 0;
		};
/* End PBXSourcesBuildPhase section */

/* Begin PBXVariantGroup section */
		AC88081A1E57BDC50062141A /* Main.storyboard */ = {
			isa = PBXVariantGroup;
			children = (
				AC88081B1E57BDC50062141A /* Base */,
			);
			name = Main.storyboard;
			sourceTree = "<group>";
		};
		AC88081F1E57BDC50062141A /* LaunchScreen.storyboard */ = {
			isa = PBXVariantGroup;
			children = (
				AC8808201E57BDC50062141A /* Base */,
			);
			name = LaunchScreen.storyboard;
			sourceTree = "<group>";
		};
/* End PBXVariantGroup section */

/* Begin XCBuildConfiguration section */
		AC8808231E57BDC50062141A /* Debug */ = {
			isa = XCBuildConfiguration;
			buildSettings = {
				ALWAYS_SEARCH_USER_PATHS = NO;
				CLANG_ANALYZER_NONNULL = YES;
				CLANG_CXX_LANGUAGE_STANDARD = "gnu++0x";
				CLANG_CXX_LIBRARY = "libc++";
				CLANG_ENABLE_MODULES = YES;
				CLANG_ENABLE_OBJC_ARC = YES;
				CLANG_WARN_BOOL_CONVERSION = YES;
				CLANG_WARN_CONSTANT_CONVERSION = YES;
				CLANG_WARN_DIRECT_OBJC_ISA_USAGE = YES_ERROR;
				CLANG_WARN_DOCUMENTATION_COMMENTS = YES;
				CLANG_WARN_EMPTY_BODY = YES;
				CLANG_WARN_ENUM_CONVERSION = YES;
				CLANG_WARN_INFINITE_RECURSION = YES;
				CLANG_WARN_INT_CONVERSION = YES;
				CLANG_WARN_OBJC_ROOT_CLASS = YES_ERROR;
				CLANG_WARN_SUSPICIOUS_MOVES = YES;
				CLANG_WARN_UNREACHABLE_CODE = YES;
				CLANG_WARN__DUPLICATE_METHOD_MATCH = YES;
				"CODE_SIGN_IDENTITY[sdk=iphoneos*]" = "iPhone Developer";
				COPY_PHASE_STRIP = NO;
				DEBUG_INFORMATION_FORMAT = dwarf;
				ENABLE_STRICT_OBJC_MSGSEND = YES;
				ENABLE_TESTABILITY = YES;
				GCC_C_LANGUAGE_STANDARD = gnu99;
				GCC_DYNAMIC_NO_PIC = NO;
				GCC_NO_COMMON_BLOCKS = YES;
				GCC_OPTIMIZATION_LEVEL = 0;
				GCC_PREPROCESSOR_DEFINITIONS = (
					"DEBUG=1",
					"$(inherited)",
				);
				GCC_WARN_64_TO_32_BIT_CONVERSION = YES;
				GCC_WARN_ABOUT_RETURN_TYPE = YES_ERROR;
				GCC_WARN_UNDECLARED_SELECTOR = YES;
				GCC_WARN_UNINITIALIZED_AUTOS = YES_AGGRESSIVE;
				GCC_WARN_UNUSED_FUNCTION = YES;
				GCC_WARN_UNUSED_VARIABLE = YES;
				IPHONEOS_DEPLOYMENT_TARGET = 10.1;
				MTL_ENABLE_DEBUG_INFO = YES;
				ONLY_ACTIVE_ARCH = YES;
				SDKROOT = iphoneos;
			};
			name = Debug;
		};
		AC8808241E57BDC50062141A /* Release */ = {
			isa = XCBuildConfiguration;
			buildSettings = {
				ALWAYS_SEARCH_USER_PATHS = NO;
				CLANG_ANALYZER_NONNULL = YES;
				CLANG_CXX_LANGUAGE_STANDARD = "gnu++0x";
				CLANG_CXX_LIBRARY = "libc++";
				CLANG_ENABLE_MODULES = YES;
				CLANG_ENABLE_OBJC_ARC = YES;
				CLANG_WARN_BOOL_CONVERSION = YES;
				CLANG_WARN_CONSTANT_CONVERSION = YES;
				CLANG_WARN_DIRECT_OBJC_ISA_USAGE = YES_ERROR;
				CLANG_WARN_DOCUMENTATION_COMMENTS = YES;
				CLANG_WARN_EMPTY_BODY = YES;
				CLANG_WARN_ENUM_CONVERSION = YES;
				CLANG_WARN_INFINITE_RECURSION = YES;
				CLANG_WARN_INT_CONVERSION = YES;
				CLANG_WARN_OBJC_ROOT_CLASS = YES_ERROR;
				CLANG_WARN_SUSPICIOUS_MOVES = YES;
				CLANG_WARN_UNREACHABLE_CODE = YES;
				CLANG_WARN__DUPLICATE_METHOD_MATCH = YES;
				"CODE_SIGN_IDENTITY[sdk=iphoneos*]" = "iPhone Developer";
				COPY_PHASE_STRIP = NO;
				DEBUG_INFORMATION_FORMAT = "dwarf-with-dsym";
				ENABLE_NS_ASSERTIONS = NO;
				ENABLE_STRICT_OBJC_MSGSEND = YES;
				GCC_C_LANGUAGE_STANDARD = gnu99;
				GCC_NO_COMMON_BLOCKS = YES;
				GCC_WARN_64_TO_32_BIT_CONVERSION = YES;
				GCC_WARN_ABOUT_RETURN_TYPE = YES_ERROR;
				GCC_WARN_UNDECLARED_SELECTOR = YES;
				GCC_WARN_UNINITIALIZED_AUTOS = YES_AGGRESSIVE;
				GCC_WARN_UNUSED_FUNCTION = YES;
				GCC_WARN_UNUSED_VARIABLE = YES;
				IPHONEOS_DEPLOYMENT_TARGET = 10.1;
				MTL_ENABLE_DEBUG_INFO = NO;
				SDKROOT = iphoneos;
				VALIDATE_PRODUCT = YES;
			};
			name = Release;
		};
		AC8808261E57BDC50062141A /* Debug */ = {
			isa = XCBuildConfiguration;
			buildSettings = {
				ASSETCATALOG_COMPILER_APPICON_NAME = AppIcon;
				INFOPLIST_FILE = "MeusDados 2TDSR/Info.plist";
				LD_RUNPATH_SEARCH_PATHS = "$(inherited) @executable_path/Frameworks";
				PRODUCT_BUNDLE_IDENTIFIER = "com.fiap.MeusDados-2TDSR";
				PRODUCT_NAME = "$(TARGET_NAME)";
			};
			name = Debug;
		};
		AC8808271E57BDC50062141A /* Release */ = {
			isa = XCBuildConfiguration;
			buildSettings = {
				ASSETCATALOG_COMPILER_APPICON_NAME = AppIcon;
				INFOPLIST_FILE = "MeusDados 2TDSR/Info.plist";
				LD_RUNPATH_SEARCH_PATHS = "$(inherited) @executable_path/Frameworks";
				PRODUCT_BUNDLE_IDENTIFIER = "com.fiap.MeusDados-2TDSR";
				PRODUCT_NAME = "$(TARGET_NAME)";
			};
			name = Release;
		};
/* End XCBuildConfiguration section */

/* Begin XCConfigurationList section */
		AC8808091E57BDC40062141A /* Build configuration list for PBXProject "MeusDados 2TDSR" */ = {
			isa = XCConfigurationList;
			buildConfigurations = (
				AC8808231E57BDC50062141A /* Debug */,
				AC8808241E57BDC50062141A /* Release */,
			);
			defaultConfigurationIsVisible = 0;
			defaultConfigurationName = Release;
		};
		AC8808251E57BDC50062141A /* Build configuration list for PBXNativeTarget "MeusDados 2TDSR" */ = {
			isa = XCConfigurationList;
			buildConfigurations = (
				AC8808261E57BDC50062141A /* Debug */,
				AC8808271E57BDC50062141A /* Release */,
			);
			defaultConfigurationIsVisible = 0;
		};
/* End XCConfigurationList section */
	};
	rootObject = AC8808061E57BDC40062141A /* Project object */;
}
